
Microsoft Visual Studio Solution File, Format Version 12.00
# Visual Studio Version 16
VisualStudioVersion = 16.0.31515.178
MinimumVisualStudioVersion = 10.0.40219.1
Project("{888888A0-9F3D-457C-B088-3A5042F75D52}") = "GuessingGame Jones-CIS261", "GuessingGame Jones-CIS261.pyproj", "{75357A9D-1F18-4FC0-9EE4-C0437C7EC95A}"
EndProject
Global
	GlobalSection(SolutionConfigurationPlatforms) = preSolution
		Debug|Any CPU = Debug|Any CPU
		Release|Any CPU = Release|Any CPU
	EndGlobalSection
	GlobalSection(ProjectConfigurationPlatforms) = postSolution
		{75357A9D-1F18-4FC0-9EE4-C0437C7EC95A}.Debug|Any CPU.ActiveCfg = Debug|Any CPU
		{75357A9D-1F18-4FC0-9EE4-C0437C7EC95A}.Release|Any CPU.ActiveCfg = Release|Any CPU
	EndGlobalSection
	GlobalSection(SolutionProperties) = preSolution
		HideSolutionNode = FALSE
	EndGlobalSection
	GlobalSection(ExtensibilityGlobals) = postSolution
		SolutionGuid = {0B5A7E08-5866-41D9-AA48-F3457E312B80}
	EndGlobalSection
EndGlobal
